
Microsoft Visual Studio Solution File, Format Version 12.00
# Visual Studio Version 17
VisualStudioVersion = 17.0.31903.59
MinimumVisualStudioVersion = 10.0.40219.1
Project("{FAE04EC0-301F-11D3-BF4B-00C04F79EFBC}") = "Scanners", "Scanners\Scanners.csproj", "{F5CDDF8D-E006-4A15-BF7B-FB7434ABA14A}"
EndProject
Project("{FAE04EC0-301F-11D3-BF4B-00C04F79EFBC}") = "ScannerTests", "ScannerTests\ScannerTests.csproj", "{7FB1F00C-AB68-4C08-80D8-64086D70F11B}"
EndProject
Project("{FAE04EC0-301F-11D3-BF4B-00C04F79EFBC}") = "Runner", "Runner\Runner.csproj", "{9ACF2111-CDB1-43B8-A148-AD5ED515B57F}"
EndProject
Global
	GlobalSection(SolutionConfigurationPlatforms) = preSolution
		Debug|Any CPU = Debug|Any CPU
		Release|Any CPU = Release|Any CPU
	EndGlobalSection
	GlobalSection(ProjectConfigurationPlatforms) = postSolution
		{F5CDDF8D-E006-4A15-BF7B-FB7434ABA14A}.Debug|Any CPU.ActiveCfg = Debug|Any CPU
		{F5CDDF8D-E006-4A15-BF7B-FB7434ABA14A}.Debug|Any CPU.Build.0 = Debug|Any CPU
		{F5CDDF8D-E006-4A15-BF7B-FB7434ABA14A}.Release|Any CPU.ActiveCfg = Release|Any CPU
		{F5CDDF8D-E006-4A15-BF7B-FB7434ABA14A}.Release|Any CPU.Build.0 = Release|Any CPU
		{7FB1F00C-AB68-4C08-80D8-64086D70F11B}.Debug|Any CPU.ActiveCfg = Debug|Any CPU
		{7FB1F00C-AB68-4C08-80D8-64086D70F11B}.Debug|Any CPU.Build.0 = Debug|Any CPU
		{7FB1F00C-AB68-4C08-80D8-64086D70F11B}.Release|Any CPU.ActiveCfg = Release|Any CPU
		{7FB1F00C-AB68-4C08-80D8-64086D70F11B}.Release|Any CPU.Build.0 = Release|Any CPU
		{9ACF2111-CDB1-43B8-A148-AD5ED515B57F}.Debug|Any CPU.ActiveCfg = Debug|Any CPU
		{9ACF2111-CDB1-43B8-A148-AD5ED515B57F}.Debug|Any CPU.Build.0 = Debug|Any CPU
		{9ACF2111-CDB1-43B8-A148-AD5ED515B57F}.Release|Any CPU.ActiveCfg = Release|Any CPU
		{9ACF2111-CDB1-43B8-A148-AD5ED515B57F}.Release|Any CPU.Build.0 = Release|Any CPU
	EndGlobalSection
	GlobalSection(SolutionProperties) = preSolution
		HideSolutionNode = FALSE
	EndGlobalSection
EndGlobal
