
Microsoft Visual Studio Solution File, Format Version 12.00
# Visual Studio Version 17
VisualStudioVersion = 17.0.31903.59
MinimumVisualStudioVersion = 10.0.40219.1
Project("{FAE04EC0-301F-11D3-BF4B-00C04F79EFBC}") = "PageOrderer", "PageOrderer\PageOrderer.csproj", "{B2619422-E365-42E2-AF81-B25D1C28FB17}"
EndProject
Project("{FAE04EC0-301F-11D3-BF4B-00C04F79EFBC}") = "PageOrdererTests", "PageOrdererTests\PageOrdererTests.csproj", "{14D7EC65-CCBC-480A-A7A1-A7368CA9316D}"
EndProject
Project("{FAE04EC0-301F-11D3-BF4B-00C04F79EFBC}") = "Runner", "Runner\Runner.csproj", "{3E7606B1-3280-4D37-B174-D7617C995E58}"
EndProject
Global
	GlobalSection(SolutionConfigurationPlatforms) = preSolution
		Debug|Any CPU = Debug|Any CPU
		Release|Any CPU = Release|Any CPU
	EndGlobalSection
	GlobalSection(SolutionProperties) = preSolution
		HideSolutionNode = FALSE
	EndGlobalSection
	GlobalSection(ProjectConfigurationPlatforms) = postSolution
		{B2619422-E365-42E2-AF81-B25D1C28FB17}.Debug|Any CPU.ActiveCfg = Debug|Any CPU
		{B2619422-E365-42E2-AF81-B25D1C28FB17}.Debug|Any CPU.Build.0 = Debug|Any CPU
		{B2619422-E365-42E2-AF81-B25D1C28FB17}.Release|Any CPU.ActiveCfg = Release|Any CPU
		{B2619422-E365-42E2-AF81-B25D1C28FB17}.Release|Any CPU.Build.0 = Release|Any CPU
		{14D7EC65-CCBC-480A-A7A1-A7368CA9316D}.Debug|Any CPU.ActiveCfg = Debug|Any CPU
		{14D7EC65-CCBC-480A-A7A1-A7368CA9316D}.Debug|Any CPU.Build.0 = Debug|Any CPU
		{14D7EC65-CCBC-480A-A7A1-A7368CA9316D}.Release|Any CPU.ActiveCfg = Release|Any CPU
		{14D7EC65-CCBC-480A-A7A1-A7368CA9316D}.Release|Any CPU.Build.0 = Release|Any CPU
		{3E7606B1-3280-4D37-B174-D7617C995E58}.Debug|Any CPU.ActiveCfg = Debug|Any CPU
		{3E7606B1-3280-4D37-B174-D7617C995E58}.Debug|Any CPU.Build.0 = Debug|Any CPU
		{3E7606B1-3280-4D37-B174-D7617C995E58}.Release|Any CPU.ActiveCfg = Release|Any CPU
		{3E7606B1-3280-4D37-B174-D7617C995E58}.Release|Any CPU.Build.0 = Release|Any CPU
	EndGlobalSection
EndGlobal
